// !$*UTF8*$!
{
	archiveVersion = 1;
	classes = {
	};
	objectVersion = 55;
	objects = {

/* Begin PBXBuildFile section */
		041C01392982909500AFA8CF /* BundleDecoder.swift in Sources */ = {isa = PBXBuildFile; fileRef = 041C01382982909500AFA8CF /* BundleDecoder.swift */; };
		041C013B298290BA00AFA8CF /* Landmarks.swift in Sources */ = {isa = PBXBuildFile; fileRef = 041C013A298290BA00AFA8CF /* Landmarks.swift */; };
		041C013E2982985300AFA8CF /* landmarks.json in Resources */ = {isa = PBXBuildFile; fileRef = 041C013D2982985300AFA8CF /* landmarks.json */; };
		041C0140298299E600AFA8CF /* LandmarkRow.swift in Sources */ = {isa = PBXBuildFile; fileRef = 041C013F298299E600AFA8CF /* LandmarkRow.swift */; };
		041C01422982A01D00AFA8CF /* LandmarkDetailsView.swift in Sources */ = {isa = PBXBuildFile; fileRef = 041C01412982A01D00AFA8CF /* LandmarkDetailsView.swift */; };
		041C014B2982B9F800AFA8CF /* HomeTabBar.swift in Sources */ = {isa = PBXBuildFile; fileRef = 041C014A2982B9F800AFA8CF /* HomeTabBar.swift */; };
		041C01502982BCF600AFA8CF /* SearchView.swift in Sources */ = {isa = PBXBuildFile; fileRef = 041C014F2982BCF600AFA8CF /* SearchView.swift */; };
		041C01522982BDB100AFA8CF /* PlayView.swift in Sources */ = {isa = PBXBuildFile; fileRef = 041C01512982BDB100AFA8CF /* PlayView.swift */; };
		041C01542982BE1000AFA8CF /* NotesView.swift in Sources */ = {isa = PBXBuildFile; fileRef = 041C01532982BE1000AFA8CF /* NotesView.swift */; };
		041C01562982BFE400AFA8CF /* MessageView.swift in Sources */ = {isa = PBXBuildFile; fileRef = 041C01552982BFE400AFA8CF /* MessageView.swift */; };
		049A35F2297D9FF400F06156 /* EnvironmentObjectDemoApp.swift in Sources */ = {isa = PBXBuildFile; fileRef = 049A35F1297D9FF400F06156 /* EnvironmentObjectDemoApp.swift */; };
		049A35F4297D9FF400F06156 /* HomeView.swift in Sources */ = {isa = PBXBuildFile; fileRef = 049A35F3297D9FF400F06156 /* HomeView.swift */; };
		049A35F6297D9FF800F06156 /* Assets.xcassets in Resources */ = {isa = PBXBuildFile; fileRef = 049A35F5297D9FF800F06156 /* Assets.xcassets */; };
		049A35F9297D9FF800F06156 /* Preview Assets.xcassets in Resources */ = {isa = PBXBuildFile; fileRef = 049A35F8297D9FF800F06156 /* Preview Assets.xcassets */; };
		049A3600297DAF9600F06156 /* Student.swift in Sources */ = {isa = PBXBuildFile; fileRef = 049A35FF297DAF9600F06156 /* Student.swift */; };
/* End PBXBuildFile section */

/* Begin PBXFileReference section */
		041C01382982909500AFA8CF /* BundleDecoder.swift */ = {isa = PBXFileReference; lastKnownFileType = sourcecode.swift; path = BundleDecoder.swift; sourceTree = "<group>"; };
		041C013A298290BA00AFA8CF /* Landmarks.swift */ = {isa = PBXFileReference; lastKnownFileType = sourcecode.swift; path = Landmarks.swift; sourceTree = "<group>"; };
		041C013D2982985300AFA8CF /* landmarks.json */ = {isa = PBXFileReference; fileEncoding = 4; lastKnownFileType = text.json; path = landmarks.json; sourceTree = "<group>"; };
		041C013F298299E600AFA8CF /* LandmarkRow.swift */ = {isa = PBXFileReference; lastKnownFileType = sourcecode.swift; path = LandmarkRow.swift; sourceTree = "<group>"; };
		041C01412982A01D00AFA8CF /* LandmarkDetailsView.swift */ = {isa = PBXFileReference; lastKnownFileType = sourcecode.swift; path = LandmarkDetailsView.swift; sourceTree = "<group>"; };
		041C014A2982B9F800AFA8CF /* HomeTabBar.swift */ = {isa = PBXFileReference; lastKnownFileType = sourcecode.swift; path = HomeTabBar.swift; sourceTree = "<group>"; };
		041C014F2982BCF600AFA8CF /* SearchView.swift */ = {isa = PBXFileReference; lastKnownFileType = sourcecode.swift; path = SearchView.swift; sourceTree = "<group>"; };
		041C01512982BDB100AFA8CF /* PlayView.swift */ = {isa = PBXFileReference; lastKnownFileType = sourcecode.swift; path = PlayView.swift; sourceTree = "<group>"; };
		041C01532982BE1000AFA8CF /* NotesView.swift */ = {isa = PBXFileReference; lastKnownFileType = sourcecode.swift; path = NotesView.swift; sourceTree = "<group>"; };
		041C01552982BFE400AFA8CF /* MessageView.swift */ = {isa = PBXFileReference; lastKnownFileType = sourcecode.swift; path = MessageView.swift; sourceTree = "<group>"; };
		049A35EE297D9FF400F06156 /* EnvironmentObjectDemo.app */ = {isa = PBXFileReference; explicitFileType = wrapper.application; includeInIndex = 0; path = EnvironmentObjectDemo.app; sourceTree = BUILT_PRODUCTS_DIR; };
		049A35F1297D9FF400F06156 /* EnvironmentObjectDemoApp.swift */ = {isa = PBXFileReference; lastKnownFileType = sourcecode.swift; path = EnvironmentObjectDemoApp.swift; sourceTree = "<group>"; };
		049A35F3297D9FF400F06156 /* HomeView.swift */ = {isa = PBXFileReference; lastKnownFileType = sourcecode.swift; path = HomeView.swift; sourceTree = "<group>"; };
		049A35F5297D9FF800F06156 /* Assets.xcassets */ = {isa = PBXFileReference; lastKnownFileType = folder.assetcatalog; path = Assets.xcassets; sourceTree = "<group>"; };
		049A35F8297D9FF800F06156 /* Preview Assets.xcassets */ = {isa = PBXFileReference; lastKnownFileType = folder.assetcatalog; path = "Preview Assets.xcassets"; sourceTree = "<group>"; };
		049A35FF297DAF9600F06156 /* Student.swift */ = {isa = PBXFileReference; lastKnownFileType = sourcecode.swift; path = Student.swift; sourceTree = "<group>"; };
/* End PBXFileReference section */

/* Begin PBXFrameworksBuildPhase section */
		049A35EB297D9FF400F06156 /* Frameworks */ = {
			isa = PBXFrameworksBuildPhase;
			buildActionMask = 2147483647;
			files = (
			);
			runOnlyForDeploymentPostprocessing = 0;
		};
/* End PBXFrameworksBuildPhase section */

/* Begin PBXGroup section */
		041C01462982B96F00AFA8CF /* View */ = {
			isa = PBXGroup;
			children = (
				041C014C2982BA2300AFA8CF /* Tab bar */,
				041C01412982A01D00AFA8CF /* LandmarkDetailsView.swift */,
				041C013F298299E600AFA8CF /* LandmarkRow.swift */,
				049A35F3297D9FF400F06156 /* HomeView.swift */,
			);
			path = View;
			sourceTree = "<group>";
		};
		041C01472982B97800AFA8CF /* Model */ = {
			isa = PBXGroup;
			children = (
				041C01382982909500AFA8CF /* BundleDecoder.swift */,
				041C013A298290BA00AFA8CF /* Landmarks.swift */,
				049A35FF297DAF9600F06156 /* Student.swift */,
			);
			path = Model;
			sourceTree = "<group>";
		};
		041C01482982B98900AFA8CF /* Json */ = {
			isa = PBXGroup;
			children = (
				041C013D2982985300AFA8CF /* landmarks.json */,
			);
			path = Json;
			sourceTree = "<group>";
		};
		041C014C2982BA2300AFA8CF /* Tab bar */ = {
			isa = PBXGroup;
			children = (
				041C014A2982B9F800AFA8CF /* HomeTabBar.swift */,
				041C014F2982BCF600AFA8CF /* SearchView.swift */,
				041C01512982BDB100AFA8CF /* PlayView.swift */,
				041C01532982BE1000AFA8CF /* NotesView.swift */,
				041C01552982BFE400AFA8CF /* MessageView.swift */,
			);
			path = "Tab bar";
			sourceTree = "<group>";
		};
		049A35E5297D9FF400F06156 = {
			isa = PBXGroup;
			children = (
				049A35F0297D9FF400F06156 /* EnvironmentObjectDemo */,
				049A35EF297D9FF400F06156 /* Products */,
			);
			sourceTree = "<group>";
		};
		049A35EF297D9FF400F06156 /* Products */ = {
			isa = PBXGroup;
			children = (
				049A35EE297D9FF400F06156 /* EnvironmentObjectDemo.app */,
			);
			name = Products;
			sourceTree = "<group>";
		};
		049A35F0297D9FF400F06156 /* EnvironmentObjectDemo */ = {
			isa = PBXGroup;
			children = (
				041C01482982B98900AFA8CF /* Json */,
				041C01472982B97800AFA8CF /* Model */,
				041C01462982B96F00AFA8CF /* View */,
				049A35F1297D9FF400F06156 /* EnvironmentObjectDemoApp.swift */,
				049A35F5297D9FF800F06156 /* Assets.xcassets */,
				049A35F7297D9FF800F06156 /* Preview Content */,
			);
			path = EnvironmentObjectDemo;
			sourceTree = "<group>";
		};
		049A35F7297D9FF800F06156 /* Preview Content */ = {
			isa = PBXGroup;
			children = (
				049A35F8297D9FF800F06156 /* Preview Assets.xcassets */,
			);
			path = "Preview Content";
			sourceTree = "<group>";
		};
/* End PBXGroup section */

/* Begin PBXNativeTarget section */
		049A35ED297D9FF400F06156 /* EnvironmentObjectDemo */ = {
			isa = PBXNativeTarget;
			buildConfigurationList = 049A35FC297D9FF800F06156 /* Build configuration list for PBXNativeTarget "EnvironmentObjectDemo" */;
			buildPhases = (
				049A35EA297D9FF400F06156 /* Sources */,
				049A35EB297D9FF400F06156 /* Frameworks */,
				049A35EC297D9FF400F06156 /* Resources */,
			);
			buildRules = (
			);
			dependencies = (
			);
			name = EnvironmentObjectDemo;
			productName = EnvironmentObjectDemo;
			productReference = 049A35EE297D9FF400F06156 /* EnvironmentObjectDemo.app */;
			productType = "com.apple.product-type.application";
		};
/* End PBXNativeTarget section */

/* Begin PBXProject section */
		049A35E6297D9FF400F06156 /* Project object */ = {
			isa = PBXProject;
			attributes = {
				BuildIndependentTargetsInParallel = 1;
				LastSwiftUpdateCheck = 1320;
				LastUpgradeCheck = 1320;
				TargetAttributes = {
					049A35ED297D9FF400F06156 = {
						CreatedOnToolsVersion = 13.2.1;
					};
				};
			};
			buildConfigurationList = 049A35E9297D9FF400F06156 /* Build configuration list for PBXProject "EnvironmentObjectDemo" */;
			compatibilityVersion = "Xcode 13.0";
			developmentRegion = en;
			hasScannedForEncodings = 0;
			knownRegions = (
				en,
				Base,
			);
			mainGroup = 049A35E5297D9FF400F06156;
			productRefGroup = 049A35EF297D9FF400F06156 /* Products */;
			projectDirPath = "";
			projectRoot = "";
			targets = (
				049A35ED297D9FF400F06156 /* EnvironmentObjectDemo */,
			);
		};
/* End PBXProject section */

/* Begin PBXResourcesBuildPhase section */
		049A35EC297D9FF400F06156 /* Resources */ = {
			isa = PBXResourcesBuildPhase;
			buildActionMask = 2147483647;
			files = (
				049A35F9297D9FF800F06156 /* Preview Assets.xcassets in Resources */,
				041C013E2982985300AFA8CF /* landmarks.json in Resources */,
				049A35F6297D9FF800F06156 /* Assets.xcassets in Resources */,
			);
			runOnlyForDeploymentPostprocessing = 0;
		};
/* End PBXResourcesBuildPhase section */

/* Begin PBXSourcesBuildPhase section */
		049A35EA297D9FF400F06156 /* Sources */ = {
			isa = PBXSourcesBuildPhase;
			buildActionMask = 2147483647;
			files = (
				041C01562982BFE400AFA8CF /* MessageView.swift in Sources */,
				041C01502982BCF600AFA8CF /* SearchView.swift in Sources */,
				041C01542982BE1000AFA8CF /* NotesView.swift in Sources */,
				041C014B2982B9F800AFA8CF /* HomeTabBar.swift in Sources */,
				049A35F4297D9FF400F06156 /* HomeView.swift in Sources */,
				049A35F2297D9FF400F06156 /* EnvironmentObjectDemoApp.swift in Sources */,
				049A3600297DAF9600F06156 /* Student.swift in Sources */,
				041C01392982909500AFA8CF /* BundleDecoder.swift in Sources */,
				041C0140298299E600AFA8CF /* LandmarkRow.swift in Sources */,
				041C013B298290BA00AFA8CF /* Landmarks.swift in Sources */,
				041C01422982A01D00AFA8CF /* LandmarkDetailsView.swift in Sources */,
				041C01522982BDB100AFA8CF /* PlayView.swift in Sources */,
			);
			runOnlyForDeploymentPostprocessing = 0;
		};
/* End PBXSourcesBuildPhase section */

/* Begin XCBuildConfiguration section */
		049A35FA297D9FF800F06156 /* Debug */ = {
			isa = XCBuildConfiguration;
			buildSettings = {
				ALWAYS_SEARCH_USER_PATHS = NO;
				CLANG_ANALYZER_NONNULL = YES;
				CLANG_ANALYZER_NUMBER_OBJECT_CONVERSION = YES_AGGRESSIVE;
				CLANG_CXX_LANGUAGE_STANDARD = "gnu++17";
				CLANG_CXX_LIBRARY = "libc++";
				CLANG_ENABLE_MODULES = YES;
				CLANG_ENABLE_OBJC_ARC = YES;
				CLANG_ENABLE_OBJC_WEAK = YES;
				CLANG_WARN_BLOCK_CAPTURE_AUTORELEASING = YES;
				CLANG_WARN_BOOL_CONVERSION = YES;
				CLANG_WARN_COMMA = YES;
				CLANG_WARN_CONSTANT_CONVERSION = YES;
				CLANG_WARN_DEPRECATED_OBJC_IMPLEMENTATIONS = YES;
				CLANG_WARN_DIRECT_OBJC_ISA_USAGE = YES_ERROR;
				CLANG_WARN_DOCUMENTATION_COMMENTS = YES;
				CLANG_WARN_EMPTY_BODY = YES;
				CLANG_WARN_ENUM_CONVERSION = YES;
				CLANG_WARN_INFINITE_RECURSION = YES;
				CLANG_WARN_INT_CONVERSION = YES;
				CLANG_WARN_NON_LITERAL_NULL_CONVERSION = YES;
				CLANG_WARN_OBJC_IMPLICIT_RETAIN_SELF = YES;
				CLANG_WARN_OBJC_LITERAL_CONVERSION = YES;
				CLANG_WARN_OBJC_ROOT_CLASS = YES_ERROR;
				CLANG_WARN_QUOTED_INCLUDE_IN_FRAMEWORK_HEADER = YES;
				CLANG_WARN_RANGE_LOOP_ANALYSIS = YES;
				CLANG_WARN_STRICT_PROTOTYPES = YES;
				CLANG_WARN_SUSPICIOUS_MOVE = YES;
				CLANG_WARN_UNGUARDED_AVAILABILITY = YES_AGGRESSIVE;
				CLANG_WARN_UNREACHABLE_CODE = YES;
				CLANG_WARN__DUPLICATE_METHOD_MATCH = YES;
				COPY_PHASE_STRIP = NO;
				DEBUG_INFORMATION_FORMAT = dwarf;
				ENABLE_STRICT_OBJC_MSGSEND = YES;
				ENABLE_TESTABILITY = YES;
				GCC_C_LANGUAGE_STANDARD = gnu11;
				GCC_DYNAMIC_NO_PIC = NO;
				GCC_NO_COMMON_BLOCKS = YES;
				GCC_OPTIMIZATION_LEVEL = 0;
				GCC_PREPROCESSOR_DEFINITIONS = (
					"DEBUG=1",
					"$(inherited)",
				);
				GCC_WARN_64_TO_32_BIT_CONVERSION = YES;
				GCC_WARN_ABOUT_RETURN_TYPE = YES_ERROR;
				GCC_WARN_UNDECLARED_SELECTOR = YES;
				GCC_WARN_UNINITIALIZED_AUTOS = YES_AGGRESSIVE;
				GCC_WARN_UNUSED_FUNCTION = YES;
				GCC_WARN_UNUSED_VARIABLE = YES;
				IPHONEOS_DEPLOYMENT_TARGET = 15.2;
				MTL_ENABLE_DEBUG_INFO = INCLUDE_SOURCE;
				MTL_FAST_MATH = YES;
				ONLY_ACTIVE_ARCH = YES;
				SDKROOT = iphoneos;
				SWIFT_ACTIVE_COMPILATION_CONDITIONS = DEBUG;
				SWIFT_OPTIMIZATION_LEVEL = "-Onone";
			};
			name = Debug;
		};
		049A35FB297D9FF800F06156 /* Release */ = {
			isa = XCBuildConfiguration;
			buildSettings = {
				ALWAYS_SEARCH_USER_PATHS = NO;
				CLANG_ANALYZER_NONNULL = YES;
				CLANG_ANALYZER_NUMBER_OBJECT_CONVERSION = YES_AGGRESSIVE;
				CLANG_CXX_LANGUAGE_STANDARD = "gnu++17";
				CLANG_CXX_LIBRARY = "libc++";
				CLANG_ENABLE_MODULES = YES;
				CLANG_ENABLE_OBJC_ARC = YES;
				CLANG_ENABLE_OBJC_WEAK = YES;
				CLANG_WARN_BLOCK_CAPTURE_AUTORELEASING = YES;
				CLANG_WARN_BOOL_CONVERSION = YES;
				CLANG_WARN_COMMA = YES;
				CLANG_WARN_CONSTANT_CONVERSION = YES;
				CLANG_WARN_DEPRECATED_OBJC_IMPLEMENTATIONS = YES;
				CLANG_WARN_DIRECT_OBJC_ISA_USAGE = YES_ERROR;
				CLANG_WARN_DOCUMENTATION_COMMENTS = YES;
				CLANG_WARN_EMPTY_BODY = YES;
				CLANG_WARN_ENUM_CONVERSION = YES;
				CLANG_WARN_INFINITE_RECURSION = YES;
				CLANG_WARN_INT_CONVERSION = YES;
				CLANG_WARN_NON_LITERAL_NULL_CONVERSION = YES;
				CLANG_WARN_OBJC_IMPLICIT_RETAIN_SELF = YES;
				CLANG_WARN_OBJC_LITERAL_CONVERSION = YES;
				CLANG_WARN_OBJC_ROOT_CLASS = YES_ERROR;
				CLANG_WARN_QUOTED_INCLUDE_IN_FRAMEWORK_HEADER = YES;
				CLANG_WARN_RANGE_LOOP_ANALYSIS = YES;
				CLANG_WARN_STRICT_PROTOTYPES = YES;
				CLANG_WARN_SUSPICIOUS_MOVE = YES;
				CLANG_WARN_UNGUARDED_AVAILABILITY = YES_AGGRESSIVE;
				CLANG_WARN_UNREACHABLE_CODE = YES;
				CLANG_WARN__DUPLICATE_METHOD_MATCH = YES;
				COPY_PHASE_STRIP = NO;
				DEBUG_INFORMATION_FORMAT = "dwarf-with-dsym";
				ENABLE_NS_ASSERTIONS = NO;
				ENABLE_STRICT_OBJC_MSGSEND = YES;
				GCC_C_LANGUAGE_STANDARD = gnu11;
				GCC_NO_COMMON_BLOCKS = YES;
				GCC_WARN_64_TO_32_BIT_CONVERSION = YES;
				GCC_WARN_ABOUT_RETURN_TYPE = YES_ERROR;
				GCC_WARN_UNDECLARED_SELECTOR = YES;
				GCC_WARN_UNINITIALIZED_AUTOS = YES_AGGRESSIVE;
				GCC_WARN_UNUSED_FUNCTION = YES;
				GCC_WARN_UNUSED_VARIABLE = YES;
				IPHONEOS_DEPLOYMENT_TARGET = 15.2;
				MTL_ENABLE_DEBUG_INFO = NO;
				MTL_FAST_MATH = YES;
				SDKROOT = iphoneos;
				SWIFT_COMPILATION_MODE = wholemodule;
				SWIFT_OPTIMIZATION_LEVEL = "-O";
				VALIDATE_PRODUCT = YES;
			};
			name = Release;
		};
		049A35FD297D9FF800F06156 /* Debug */ = {
			isa = XCBuildConfiguration;
			buildSettings = {
				ASSETCATALOG_COMPILER_APPICON_NAME = AppIcon;
				ASSETCATALOG_COMPILER_GLOBAL_ACCENT_COLOR_NAME = AccentColor;
				CODE_SIGN_STYLE = Automatic;
				CURRENT_PROJECT_VERSION = 1;
				DEVELOPMENT_ASSET_PATHS = "\"EnvironmentObjectDemo/Preview Content\"";
				DEVELOPMENT_TEAM = A98PCK65C9;
				ENABLE_PREVIEWS = YES;
				GENERATE_INFOPLIST_FILE = YES;
				INFOPLIST_KEY_UIApplicationSceneManifest_Generation = YES;
				INFOPLIST_KEY_UIApplicationSupportsIndirectInputEvents = YES;
				INFOPLIST_KEY_UILaunchScreen_Generation = YES;
				INFOPLIST_KEY_UISupportedInterfaceOrientations_iPad = "UIInterfaceOrientationPortrait UIInterfaceOrientationPortraitUpsideDown UIInterfaceOrientationLandscapeLeft UIInterfaceOrientationLandscapeRight";
				INFOPLIST_KEY_UISupportedInterfaceOrientations_iPhone = "UIInterfaceOrientationPortrait UIInterfaceOrientationLandscapeLeft UIInterfaceOrientationLandscapeRight";
				LD_RUNPATH_SEARCH_PATHS = (
					"$(inherited)",
					"@executable_path/Frameworks",
				);
				MARKETING_VERSION = 1.0;
				PRODUCT_BUNDLE_IDENTIFIER = jf.EnvironmentObjectDemo;
				PRODUCT_NAME = "$(TARGET_NAME)";
				SWIFT_EMIT_LOC_STRINGS = YES;
				SWIFT_VERSION = 5.0;
				TARGETED_DEVICE_FAMILY = "1,2";
			};
			name = Debug;
		};
		049A35FE297D9FF800F06156 /* Release */ = {
			isa = XCBuildConfiguration;
			buildSettings = {
				ASSETCATALOG_COMPILER_APPICON_NAME = AppIcon;
				ASSETCATALOG_COMPILER_GLOBAL_ACCENT_COLOR_NAME = AccentColor;
				CODE_SIGN_STYLE = Automatic;
				CURRENT_PROJECT_VERSION = 1;
				DEVELOPMENT_ASSET_PATHS = "\"EnvironmentObjectDemo/Preview Content\"";
				DEVELOPMENT_TEAM = A98PCK65C9;
				ENABLE_PREVIEWS = YES;
				GENERATE_INFOPLIST_FILE = YES;
				INFOPLIST_KEY_UIApplicationSceneManifest_Generation = YES;
				INFOPLIST_KEY_UIApplicationSupportsIndirectInputEvents = YES;
				INFOPLIST_KEY_UILaunchScreen_Generation = YES;
				INFOPLIST_KEY_UISupportedInterfaceOrientations_iPad = "UIInterfaceOrientationPortrait UIInterfaceOrientationPortraitUpsideDown UIInterfaceOrientationLandscapeLeft UIInterfaceOrientationLandscapeRight";
				INFOPLIST_KEY_UISupportedInterfaceOrientations_iPhone = "UIInterfaceOrientationPortrait UIInterfaceOrientationLandscapeLeft UIInterfaceOrientationLandscapeRight";
				LD_RUNPATH_SEARCH_PATHS = (
					"$(inherited)",
					"@executable_path/Frameworks",
				);
				MARKETING_VERSION = 1.0;
				PRODUCT_BUNDLE_IDENTIFIER = jf.EnvironmentObjectDemo;
				PRODUCT_NAME = "$(TARGET_NAME)";
				SWIFT_EMIT_LOC_STRINGS = YES;
				SWIFT_VERSION = 5.0;
				TARGETED_DEVICE_FAMILY = "1,2";
			};
			name = Release;
		};
/* End XCBuildConfiguration section */

/* Begin XCConfigurationList section */
		049A35E9297D9FF400F06156 /* Build configuration list for PBXProject "EnvironmentObjectDemo" */ = {
			isa = XCConfigurationList;
			buildConfigurations = (
				049A35FA297D9FF800F06156 /* Debug */,
				049A35FB297D9FF800F06156 /* Release */,
			);
			defaultConfigurationIsVisible = 0;
			defaultConfigurationName = Release;
		};
		049A35FC297D9FF800F06156 /* Build configuration list for PBXNativeTarget "EnvironmentObjectDemo" */ = {
			isa = XCConfigurationList;
			buildConfigurations = (
				049A35FD297D9FF800F06156 /* Debug */,
				049A35FE297D9FF800F06156 /* Release */,
			);
			defaultConfigurationIsVisible = 0;
			defaultConfigurationName = Release;
		};
/* End XCConfigurationList section */
	};
	rootObject = 049A35E6297D9FF400F06156 /* Project object */;
}
